
Microsoft Visual Studio Solution File, Format Version 12.00
# Visual Studio 15
VisualStudioVersion = 15.0.27004.2002
MinimumVisualStudioVersion = 10.0.40219.1
Project("{FAE04EC0-301F-11D3-BF4B-00C04F79EFBC}") = "CaptionCover", "CaptionCover\CaptionCover.csproj", "{D67208C3-53D5-43AE-B9BB-E09AD4809C42}"
EndProject
Global
	GlobalSection(SolutionConfigurationPlatforms) = preSolution
		Debug|Any CPU = Debug|Any CPU
		Release|Any CPU = Release|Any CPU
	EndGlobalSection
	GlobalSection(ProjectConfigurationPlatforms) = postSolution
		{D67208C3-53D5-43AE-B9BB-E09AD4809C42}.Debug|Any CPU.ActiveCfg = Debug|Any CPU
		{D67208C3-53D5-43AE-B9BB-E09AD4809C42}.Debug|Any CPU.Build.0 = Debug|Any CPU
		{D67208C3-53D5-43AE-B9BB-E09AD4809C42}.Release|Any CPU.ActiveCfg = Release|Any CPU
		{D67208C3-53D5-43AE-B9BB-E09AD4809C42}.Release|Any CPU.Build.0 = Release|Any CPU
	EndGlobalSection
	GlobalSection(SolutionProperties) = preSolution
		HideSolutionNode = FALSE
	EndGlobalSection
	GlobalSection(ExtensibilityGlobals) = postSolution
		SolutionGuid = {2DE075EC-EA9D-4A7E-AA14-0ECD7440F688}
	EndGlobalSection
EndGlobal
